// !$*UTF8*$!
{
	archiveVersion = 1;
	classes = {
	};
	objectVersion = 50;
	objects = {

/* Begin PBXBuildFile section */
		BA8D05CA23198F7C00DB0AD5 /* AppDelegate.swift in Sources */ = {isa = PBXBuildFile; fileRef = BA8D05C923198F7C00DB0AD5 /* AppDelegate.swift */; };
		BA8D05CC23198F7C00DB0AD5 /* ViewController.swift in Sources */ = {isa = PBXBuildFile; fileRef = BA8D05CB23198F7C00DB0AD5 /* ViewController.swift */; };
		BA8D05CF23198F7C00DB0AD5 /* Main.storyboard in Resources */ = {isa = PBXBuildFile; fileRef = BA8D05CD23198F7C00DB0AD5 /* Main.storyboard */; };
		BA8D05D123198F7D00DB0AD5 /* Assets.xcassets in Resources */ = {isa = PBXBuildFile; fileRef = BA8D05D023198F7D00DB0AD5 /* Assets.xcassets */; };
		BA8D05D423198F7D00DB0AD5 /* LaunchScreen.storyboard in Resources */ = {isa = PBXBuildFile; fileRef = BA8D05D223198F7D00DB0AD5 /* LaunchScreen.storyboard */; };
		BA8D05DC2319902D00DB0AD5 /* SecondViewController.swift in Sources */ = {isa = PBXBuildFile; fileRef = BA8D05DB2319902D00DB0AD5 /* SecondViewController.swift */; };
/* End PBXBuildFile section */

/* Begin PBXFileReference section */
		BA8D05C623198F7C00DB0AD5 /* BackPassDataFromBToA.app */ = {isa = PBXFileReference; explicitFileType = wrapper.application; includeInIndex = 0; path = BackPassDataFromBToA.app; sourceTree = BUILT_PRODUCTS_DIR; };
		BA8D05C923198F7C00DB0AD5 /* AppDelegate.swift */ = {isa = PBXFileReference; lastKnownFileType = sourcecode.swift; path = AppDelegate.swift; sourceTree = "<group>"; };
		BA8D05CB23198F7C00DB0AD5 /* ViewController.swift */ = {isa = PBXFileReference; lastKnownFileType = sourcecode.swift; path = ViewController.swift; sourceTree = "<group>"; };
		BA8D05CE23198F7C00DB0AD5 /* Base */ = {isa = PBXFileReference; lastKnownFileType = file.storyboard; name = Base; path = Base.lproj/Main.storyboard; sourceTree = "<group>"; };
		BA8D05D023198F7D00DB0AD5 /* Assets.xcassets */ = {isa = PBXFileReference; lastKnownFileType = folder.assetcatalog; path = Assets.xcassets; sourceTree = "<group>"; };
		BA8D05D323198F7D00DB0AD5 /* Base */ = {isa = PBXFileReference; lastKnownFileType = file.storyboard; name = Base; path = Base.lproj/LaunchScreen.storyboard; sourceTree = "<group>"; };
		BA8D05D523198F7D00DB0AD5 /* Info.plist */ = {isa = PBXFileReference; lastKnownFileType = text.plist.xml; path = Info.plist; sourceTree = "<group>"; };
		BA8D05DB2319902D00DB0AD5 /* SecondViewController.swift */ = {isa = PBXFileReference; lastKnownFileType = sourcecode.swift; path = SecondViewController.swift; sourceTree = "<group>"; };
/* End PBXFileReference section */

/* Begin PBXFrameworksBuildPhase section */
		BA8D05C323198F7C00DB0AD5 /* Frameworks */ = {
			isa = PBXFrameworksBuildPhase;
			buildActionMask = 2147483647;
			files = (
			);
			runOnlyForDeploymentPostprocessing = 0;
		};
/* End PBXFrameworksBuildPhase section */

/* Begin PBXGroup section */
		BA8D05BD23198F7C00DB0AD5 = {
			isa = PBXGroup;
			children = (
				BA8D05C823198F7C00DB0AD5 /* BackPassDataFromBToA */,
				BA8D05C723198F7C00DB0AD5 /* Products */,
			);
			sourceTree = "<group>";
		};
		BA8D05C723198F7C00DB0AD5 /* Products */ = {
			isa = PBXGroup;
			children = (
				BA8D05C623198F7C00DB0AD5 /* BackPassDataFromBToA.app */,
			);
			name = Products;
			sourceTree = "<group>";
		};
		BA8D05C823198F7C00DB0AD5 /* BackPassDataFromBToA */ = {
			isa = PBXGroup;
			children = (
				BA8D05C923198F7C00DB0AD5 /* AppDelegate.swift */,
				BA8D05CB23198F7C00DB0AD5 /* ViewController.swift */,
				BA8D05CD23198F7C00DB0AD5 /* Main.storyboard */,
				BA8D05D023198F7D00DB0AD5 /* Assets.xcassets */,
				BA8D05D223198F7D00DB0AD5 /* LaunchScreen.storyboard */,
				BA8D05D523198F7D00DB0AD5 /* Info.plist */,
				BA8D05DB2319902D00DB0AD5 /* SecondViewController.swift */,
			);
			path = BackPassDataFromBToA;
			sourceTree = "<group>";
		};
/* End PBXGroup section */

/* Begin PBXNativeTarget section */
		BA8D05C523198F7C00DB0AD5 /* BackPassDataFromBToA */ = {
			isa = PBXNativeTarget;
			buildConfigurationList = BA8D05D823198F7D00DB0AD5 /* Build configuration list for PBXNativeTarget "BackPassDataFromBToA" */;
			buildPhases = (
				BA8D05C223198F7C00DB0AD5 /* Sources */,
				BA8D05C323198F7C00DB0AD5 /* Frameworks */,
				BA8D05C423198F7C00DB0AD5 /* Resources */,
			);
			buildRules = (
			);
			dependencies = (
			);
			name = BackPassDataFromBToA;
			productName = BackPassDataFromBToA;
			productReference = BA8D05C623198F7C00DB0AD5 /* BackPassDataFromBToA.app */;
			productType = "com.apple.product-type.application";
		};
/* End PBXNativeTarget section */

/* Begin PBXProject section */
		BA8D05BE23198F7C00DB0AD5 /* Project object */ = {
			isa = PBXProject;
			attributes = {
				LastSwiftUpdateCheck = 1020;
				LastUpgradeCheck = 1020;
				ORGANIZATIONNAME = Mohamed74;
				TargetAttributes = {
					BA8D05C523198F7C00DB0AD5 = {
						CreatedOnToolsVersion = 10.2;
					};
				};
			};
			buildConfigurationList = BA8D05C123198F7C00DB0AD5 /* Build configuration list for PBXProject "BackPassDataFromBToA" */;
			compatibilityVersion = "Xcode 9.3";
			developmentRegion = en;
			hasScannedForEncodings = 0;
			knownRegions = (
				en,
				Base,
			);
			mainGroup = BA8D05BD23198F7C00DB0AD5;
			productRefGroup = BA8D05C723198F7C00DB0AD5 /* Products */;
			projectDirPath = "";
			projectRoot = "";
			targets = (
				BA8D05C523198F7C00DB0AD5 /* BackPassDataFromBToA */,
			);
		};
/* End PBXProject section */

/* Begin PBXResourcesBuildPhase section */
		BA8D05C423198F7C00DB0AD5 /* Resources */ = {
			isa = PBXResourcesBuildPhase;
			buildActionMask = 2147483647;
			files = (
				BA8D05D423198F7D00DB0AD5 /* LaunchScreen.storyboard in Resources */,
				BA8D05D123198F7D00DB0AD5 /* Assets.xcassets in Resources */,
				BA8D05CF23198F7C00DB0AD5 /* Main.storyboard in Resources */,
			);
			runOnlyForDeploymentPostprocessing = 0;
		};
/* End PBXResourcesBuildPhase section */

/* Begin PBXSourcesBuildPhase section */
		BA8D05C223198F7C00DB0AD5 /* Sources */ = {
			isa = PBXSourcesBuildPhase;
			buildActionMask = 2147483647;
			files = (
				BA8D05DC2319902D00DB0AD5 /* SecondViewController.swift in Sources */,
				BA8D05CC23198F7C00DB0AD5 /* ViewController.swift in Sources */,
				BA8D05CA23198F7C00DB0AD5 /* AppDelegate.swift in Sources */,
			);
			runOnlyForDeploymentPostprocessing = 0;
		};
/* End PBXSourcesBuildPhase section */

/* Begin PBXVariantGroup section */
		BA8D05CD23198F7C00DB0AD5 /* Main.storyboard */ = {
			isa = PBXVariantGroup;
			children = (
				BA8D05CE23198F7C00DB0AD5 /* Base */,
			);
			name = Main.storyboard;
			sourceTree = "<group>";
		};
		BA8D05D223198F7D00DB0AD5 /* LaunchScreen.storyboard */ = {
			isa = PBXVariantGroup;
			children = (
				BA8D05D323198F7D00DB0AD5 /* Base */,
			);
			name = LaunchScreen.storyboard;
			sourceTree = "<group>";
		};
/* End PBXVariantGroup section */

/* Begin XCBuildConfiguration section */
		BA8D05D623198F7D00DB0AD5 /* Debug */ = {
			isa = XCBuildConfiguration;
			buildSettings = {
				ALWAYS_SEARCH_USER_PATHS = NO;
				CLANG_ANALYZER_NONNULL = YES;
				CLANG_ANALYZER_NUMBER_OBJECT_CONVERSION = YES_AGGRESSIVE;
				CLANG_CXX_LANGUAGE_STANDARD = "gnu++14";
				CLANG_CXX_LIBRARY = "libc++";
				CLANG_ENABLE_MODULES = YES;
				CLANG_ENABLE_OBJC_ARC = YES;
				CLANG_ENABLE_OBJC_WEAK = YES;
				CLANG_WARN_BLOCK_CAPTURE_AUTORELEASING = YES;
				CLANG_WARN_BOOL_CONVERSION = YES;
				CLANG_WARN_COMMA = YES;
				CLANG_WARN_CONSTANT_CONVERSION = YES;
				CLANG_WARN_DEPRECATED_OBJC_IMPLEMENTATIONS = YES;
				CLANG_WARN_DIRECT_OBJC_ISA_USAGE = YES_ERROR;
				CLANG_WARN_DOCUMENTATION_COMMENTS = YES;
				CLANG_WARN_EMPTY_BODY = YES;
				CLANG_WARN_ENUM_CONVERSION = YES;
				CLANG_WARN_INFINITE_RECURSION = YES;
				CLANG_WARN_INT_CONVERSION = YES;
				CLANG_WARN_NON_LITERAL_NULL_CONVERSION = YES;
				CLANG_WARN_OBJC_IMPLICIT_RETAIN_SELF = YES;
				CLANG_WARN_OBJC_LITERAL_CONVERSION = YES;
				CLANG_WARN_OBJC_ROOT_CLASS = YES_ERROR;
				CLANG_WARN_RANGE_LOOP_ANALYSIS = YES;
				CLANG_WARN_STRICT_PROTOTYPES = YES;
				CLANG_WARN_SUSPICIOUS_MOVE = YES;
				CLANG_WARN_UNGUARDED_AVAILABILITY = YES_AGGRESSIVE;
				CLANG_WARN_UNREACHABLE_CODE = YES;
				CLANG_WARN__DUPLICATE_METHOD_MATCH = YES;
				CODE_SIGN_IDENTITY = "iPhone Developer";
				COPY_PHASE_STRIP = NO;
				DEBUG_INFORMATION_FORMAT = dwarf;
				ENABLE_STRICT_OBJC_MSGSEND = YES;
				ENABLE_TESTABILITY = YES;
				GCC_C_LANGUAGE_STANDARD = gnu11;
				GCC_DYNAMIC_NO_PIC = NO;
				GCC_NO_COMMON_BLOCKS = YES;
				GCC_OPTIMIZATION_LEVEL = 0;
				GCC_PREPROCESSOR_DEFINITIONS = (
					"DEBUG=1",
					"$(inherited)",
				);
				GCC_WARN_64_TO_32_BIT_CONVERSION = YES;
				GCC_WARN_ABOUT_RETURN_TYPE = YES_ERROR;
				GCC_WARN_UNDECLARED_SELECTOR = YES;
				GCC_WARN_UNINITIALIZED_AUTOS = YES_AGGRESSIVE;
				GCC_WARN_UNUSED_FUNCTION = YES;
				GCC_WARN_UNUSED_VARIABLE = YES;
				IPHONEOS_DEPLOYMENT_TARGET = 12.2;
				MTL_ENABLE_DEBUG_INFO = INCLUDE_SOURCE;
				MTL_FAST_MATH = YES;
				ONLY_ACTIVE_ARCH = YES;
				SDKROOT = iphoneos;
				SWIFT_ACTIVE_COMPILATION_CONDITIONS = DEBUG;
				SWIFT_OPTIMIZATION_LEVEL = "-Onone";
			};
			name = Debug;
		};
		BA8D05D723198F7D00DB0AD5 /* Release */ = {
			isa = XCBuildConfiguration;
			buildSettings = {
				ALWAYS_SEARCH_USER_PATHS = NO;
				CLANG_ANALYZER_NONNULL = YES;
				CLANG_ANALYZER_NUMBER_OBJECT_CONVERSION = YES_AGGRESSIVE;
				CLANG_CXX_LANGUAGE_STANDARD = "gnu++14";
				CLANG_CXX_LIBRARY = "libc++";
				CLANG_ENABLE_MODULES = YES;
				CLANG_ENABLE_OBJC_ARC = YES;
				CLANG_ENABLE_OBJC_WEAK = YES;
				CLANG_WARN_BLOCK_CAPTURE_AUTORELEASING = YES;
				CLANG_WARN_BOOL_CONVERSION = YES;
				CLANG_WARN_COMMA = YES;
				CLANG_WARN_CONSTANT_CONVERSION = YES;
				CLANG_WARN_DEPRECATED_OBJC_IMPLEMENTATIONS = YES;
				CLANG_WARN_DIRECT_OBJC_ISA_USAGE = YES_ERROR;
				CLANG_WARN_DOCUMENTATION_COMMENTS = YES;
				CLANG_WARN_EMPTY_BODY = YES;
				CLANG_WARN_ENUM_CONVERSION = YES;
				CLANG_WARN_INFINITE_RECURSION = YES;
				CLANG_WARN_INT_CONVERSION = YES;
				CLANG_WARN_NON_LITERAL_NULL_CONVERSION = YES;
				CLANG_WARN_OBJC_IMPLICIT_RETAIN_SELF = YES;
				CLANG_WARN_OBJC_LITERAL_CONVERSION = YES;
				CLANG_WARN_OBJC_ROOT_CLASS = YES_ERROR;
				CLANG_WARN_RANGE_LOOP_ANALYSIS = YES;
				CLANG_WARN_STRICT_PROTOTYPES = YES;
				CLANG_WARN_SUSPICIOUS_MOVE = YES;
				CLANG_WARN_UNGUARDED_AVAILABILITY = YES_AGGRESSIVE;
				CLANG_WARN_UNREACHABLE_CODE = YES;
				CLANG_WARN__DUPLICATE_METHOD_MATCH = YES;
				CODE_SIGN_IDENTITY = "iPhone Developer";
				COPY_PHASE_STRIP = NO;
				DEBUG_INFORMATION_FORMAT = "dwarf-with-dsym";
				ENABLE_NS_ASSERTIONS = NO;
				ENABLE_STRICT_OBJC_MSGSEND = YES;
				GCC_C_LANGUAGE_STANDARD = gnu11;
				GCC_NO_COMMON_BLOCKS = YES;
				GCC_WARN_64_TO_32_BIT_CONVERSION = YES;
				GCC_WARN_ABOUT_RETURN_TYPE = YES_ERROR;
				GCC_WARN_UNDECLARED_SELECTOR = YES;
				GCC_WARN_UNINITIALIZED_AUTOS = YES_AGGRESSIVE;
				GCC_WARN_UNUSED_FUNCTION = YES;
				GCC_WARN_UNUSED_VARIABLE = YES;
				IPHONEOS_DEPLOYMENT_TARGET = 12.2;
				MTL_ENABLE_DEBUG_INFO = NO;
				MTL_FAST_MATH = YES;
				SDKROOT = iphoneos;
				SWIFT_COMPILATION_MODE = wholemodule;
				SWIFT_OPTIMIZATION_LEVEL = "-O";
				VALIDATE_PRODUCT = YES;
			};
			name = Release;
		};
		BA8D05D923198F7D00DB0AD5 /* Debug */ = {
			isa = XCBuildConfiguration;
			buildSettings = {
				ASSETCATALOG_COMPILER_APPICON_NAME = AppIcon;
				CODE_SIGN_STYLE = Automatic;
				INFOPLIST_FILE = BackPassDataFromBToA/Info.plist;
				LD_RUNPATH_SEARCH_PATHS = (
					"$(inherited)",
					"@executable_path/Frameworks",
				);
				PRODUCT_BUNDLE_IDENTIFIER = "Mohamed-osama.BackPassDataFromBToA";
				PRODUCT_NAME = "$(TARGET_NAME)";
				SWIFT_VERSION = 5.0;
				TARGETED_DEVICE_FAMILY = "1,2";
			};
			name = Debug;
		};
		BA8D05DA23198F7D00DB0AD5 /* Release */ = {
			isa = XCBuildConfiguration;
			buildSettings = {
				ASSETCATALOG_COMPILER_APPICON_NAME = AppIcon;
				CODE_SIGN_STYLE = Automatic;
				INFOPLIST_FILE = BackPassDataFromBToA/Info.plist;
				LD_RUNPATH_SEARCH_PATHS = (
					"$(inherited)",
					"@executable_path/Frameworks",
				);
				PRODUCT_BUNDLE_IDENTIFIER = "Mohamed-osama.BackPassDataFromBToA";
				PRODUCT_NAME = "$(TARGET_NAME)";
				SWIFT_VERSION = 5.0;
				TARGETED_DEVICE_FAMILY = "1,2";
			};
			name = Release;
		};
/* End XCBuildConfiguration section */

/* Begin XCConfigurationList section */
		BA8D05C123198F7C00DB0AD5 /* Build configuration list for PBXProject "BackPassDataFromBToA" */ = {
			isa = XCConfigurationList;
			buildConfigurations = (
				BA8D05D623198F7D00DB0AD5 /* Debug */,
				BA8D05D723198F7D00DB0AD5 /* Release */,
			);
			defaultConfigurationIsVisible = 0;
			defaultConfigurationName = Release;
		};
		BA8D05D823198F7D00DB0AD5 /* Build configuration list for PBXNativeTarget "BackPassDataFromBToA" */ = {
			isa = XCConfigurationList;
			buildConfigurations = (
				BA8D05D923198F7D00DB0AD5 /* Debug */,
				BA8D05DA23198F7D00DB0AD5 /* Release */,
			);
			defaultConfigurationIsVisible = 0;
			defaultConfigurationName = Release;
		};
/* End XCConfigurationList section */
	};
	rootObject = BA8D05BE23198F7C00DB0AD5 /* Project object */;
}
